// !$*UTF8*$!
{
	archiveVersion = 1;
	classes = {
	};
	objectVersion = 46;
	objects = {

/* Begin PBXBuildFile section */
		C37395311C73B78100FAD29B /* main.c in Sources */ = {isa = PBXBuildFile; fileRef = C373952E1C73B78100FAD29B /* main.c */; };
		C37395321C73B78100FAD29B /* mem_pool.c in Sources */ = {isa = PBXBuildFile; fileRef = C373952F1C73B78100FAD29B /* mem_pool.c */; };
/* End PBXBuildFile section */

/* Begin PBXCopyFilesBuildPhase section */
		C37395221C73B75E00FAD29B /* CopyFiles */ = {
			isa = PBXCopyFilesBuildPhase;
			buildActionMask = 2147483647;
			dstPath = /usr/share/man/man1/;
			dstSubfolderSpec = 0;
			files = (
			);
			runOnlyForDeploymentPostprocessing = 1;
		};
/* End PBXCopyFilesBuildPhase section */

/* Begin PBXFileReference section */
		C37395241C73B75E00FAD29B /* OS PA1 */ = {isa = PBXFileReference; explicitFileType = "compiled.mach-o.executable"; includeInIndex = 0; path = "OS PA1"; sourceTree = BUILT_PRODUCTS_DIR; };
		C373952E1C73B78100FAD29B /* main.c */ = {isa = PBXFileReference; fileEncoding = 4; lastKnownFileType = sourcecode.c.c; name = main.c; path = ../../main.c; sourceTree = "<group>"; };
		C373952F1C73B78100FAD29B /* mem_pool.c */ = {isa = PBXFileReference; fileEncoding = 4; lastKnownFileType = sourcecode.c.c; name = mem_pool.c; path = ../../mem_pool.c; sourceTree = "<group>"; };
		C37395301C73B78100FAD29B /* mem_pool.h */ = {isa = PBXFileReference; fileEncoding = 4; lastKnownFileType = sourcecode.c.h; name = mem_pool.h; path = ../../mem_pool.h; sourceTree = "<group>"; };
/* End PBXFileReference section */

/* Begin PBXFrameworksBuildPhase section */
		C37395211C73B75E00FAD29B /* Frameworks */ = {
			isa = PBXFrameworksBuildPhase;
			buildActionMask = 2147483647;
			files = (
			);
			runOnlyForDeploymentPostprocessing = 0;
		};
/* End PBXFrameworksBuildPhase section */

/* Begin PBXGroup section */
		C373951B1C73B75E00FAD29B = {
			isa = PBXGroup;
			children = (
				C37395261C73B75E00FAD29B /* OS PA1 */,
				C37395251C73B75E00FAD29B /* Products */,
			);
			sourceTree = "<group>";
		};
		C37395251C73B75E00FAD29B /* Products */ = {
			isa = PBXGroup;
			children = (
				C37395241C73B75E00FAD29B /* OS PA1 */,
			);
			name = Products;
			sourceTree = "<group>";
		};
		C37395261C73B75E00FAD29B /* OS PA1 */ = {
			isa = PBXGroup;
			children = (
				C373952E1C73B78100FAD29B /* main.c */,
				C373952F1C73B78100FAD29B /* mem_pool.c */,
				C37395301C73B78100FAD29B /* mem_pool.h */,
			);
			path = "OS PA1";
			sourceTree = "<group>";
		};
/* End PBXGroup section */

/* Begin PBXNativeTarget section */
		C37395231C73B75E00FAD29B /* OS PA1 */ = {
			isa = PBXNativeTarget;
			buildConfigurationList = C373952B1C73B75E00FAD29B /* Build configuration list for PBXNativeTarget "OS PA1" */;
			buildPhases = (
				C37395201C73B75E00FAD29B /* Sources */,
				C37395211C73B75E00FAD29B /* Frameworks */,
				C37395221C73B75E00FAD29B /* CopyFiles */,
			);
			buildRules = (
			);
			dependencies = (
			);
			name = "OS PA1";
			productName = "OS PA1";
			productReference = C37395241C73B75E00FAD29B /* OS PA1 */;
			productType = "com.apple.product-type.tool";
		};
/* End PBXNativeTarget section */

/* Begin PBXProject section */
		C373951C1C73B75E00FAD29B /* Project object */ = {
			isa = PBXProject;
			attributes = {
				LastUpgradeCheck = 0720;
				ORGANIZATIONNAME = "Cody Smith";
				TargetAttributes = {
					C37395231C73B75E00FAD29B = {
						CreatedOnToolsVersion = 7.2.1;
					};
				};
			};
			buildConfigurationList = C373951F1C73B75E00FAD29B /* Build configuration list for PBXProject "OS PA1" */;
			compatibilityVersion = "Xcode 3.2";
			developmentRegion = English;
			hasScannedForEncodings = 0;
			knownRegions = (
				en,
			);
			mainGroup = C373951B1C73B75E00FAD29B;
			productRefGroup = C37395251C73B75E00FAD29B /* Products */;
			projectDirPath = "";
			projectRoot = "";
			targets = (
				C37395231C73B75E00FAD29B /* OS PA1 */,
			);
		};
/* End PBXProject section */

/* Begin PBXSourcesBuildPhase section */
		C37395201C73B75E00FAD29B /* Sources */ = {
			isa = PBXSourcesBuildPhase;
			buildActionMask = 2147483647;
			files = (
				C37395311C73B78100FAD29B /* main.c in Sources */,
				C37395321C73B78100FAD29B /* mem_pool.c in Sources */,
			);
			runOnlyForDeploymentPostprocessing = 0;
		};
/* End PBXSourcesBuildPhase section */

/* Begin XCBuildConfiguration section */
		C37395291C73B75E00FAD29B /* Debug */ = {
			isa = XCBuildConfiguration;
			buildSettings = {
				ALWAYS_SEARCH_USER_PATHS = NO;
				CLANG_CXX_LANGUAGE_STANDARD = "gnu++0x";
				CLANG_CXX_LIBRARY = "libc++";
				CLANG_ENABLE_MODULES = YES;
				CLANG_ENABLE_OBJC_ARC = YES;
				CLANG_WARN_BOOL_CONVERSION = YES;
				CLANG_WARN_CONSTANT_CONVERSION = YES;
				CLANG_WARN_DIRECT_OBJC_ISA_USAGE = YES_ERROR;
				CLANG_WARN_EMPTY_BODY = YES;
				CLANG_WARN_ENUM_CONVERSION = YES;
				CLANG_WARN_INT_CONVERSION = YES;
				CLANG_WARN_OBJC_ROOT_CLASS = YES_ERROR;
				CLANG_WARN_UNREACHABLE_CODE = YES;
				CLANG_WARN__DUPLICATE_METHOD_MATCH = YES;
				CODE_SIGN_IDENTITY = "-";
				COPY_PHASE_STRIP = NO;
				DEBUG_INFORMATION_FORMAT = dwarf;
				ENABLE_STRICT_OBJC_MSGSEND = YES;
				ENABLE_TESTABILITY = YES;
				GCC_C_LANGUAGE_STANDARD = gnu99;
				GCC_DYNAMIC_NO_PIC = NO;
				GCC_NO_COMMON_BLOCKS = YES;
				GCC_OPTIMIZATION_LEVEL = 0;
				GCC_PREPROCESSOR_DEFINITIONS = (
					"DEBUG=1",
					"$(inherited)",
				);
				GCC_WARN_64_TO_32_BIT_CONVERSION = YES;
				GCC_WARN_ABOUT_RETURN_TYPE = YES_ERROR;
				GCC_WARN_UNDECLARED_SELECTOR = YES;
				GCC_WARN_UNINITIALIZED_AUTOS = YES_AGGRESSIVE;
				GCC_WARN_UNUSED_FUNCTION = YES;
				GCC_WARN_UNUSED_VARIABLE = YES;
				MACOSX_DEPLOYMENT_TARGET = 10.11;
				MTL_ENABLE_DEBUG_INFO = YES;
				ONLY_ACTIVE_ARCH = YES;
				SDKROOT = macosx;
			};
			name = Debug;
		};
		C373952A1C73B75E00FAD29B /* Release */ = {
			isa = XCBuildConfiguration;
			buildSettings = {
				ALWAYS_SEARCH_USER_PATHS = NO;
				CLANG_CXX_LANGUAGE_STANDARD = "gnu++0x";
				CLANG_CXX_LIBRARY = "libc++";
				CLANG_ENABLE_MODULES = YES;
				CLANG_ENABLE_OBJC_ARC = YES;
				CLANG_WARN_BOOL_CONVERSION = YES;
				CLANG_WARN_CONSTANT_CONVERSION = YES;
				CLANG_WARN_DIRECT_OBJC_ISA_USAGE = YES_ERROR;
				CLANG_WARN_EMPTY_BODY = YES;
				CLANG_WARN_ENUM_CONVERSION = YES;
				CLANG_WARN_INT_CONVERSION = YES;
				CLANG_WARN_OBJC_ROOT_CLASS = YES_ERROR;
				CLANG_WARN_UNREACHABLE_CODE = YES;
				CLANG_WARN__DUPLICATE_METHOD_MATCH = YES;
				CODE_SIGN_IDENTITY = "-";
				COPY_PHASE_STRIP = NO;
				DEBUG_INFORMATION_FORMAT = "dwarf-with-dsym";
				ENABLE_NS_ASSERTIONS = NO;
				ENABLE_STRICT_OBJC_MSGSEND = YES;
				GCC_C_LANGUAGE_STANDARD = gnu99;
				GCC_NO_COMMON_BLOCKS = YES;
				GCC_WARN_64_TO_32_BIT_CONVERSION = YES;
				GCC_WARN_ABOUT_RETURN_TYPE = YES_ERROR;
				GCC_WARN_UNDECLARED_SELECTOR = YES;
				GCC_WARN_UNINITIALIZED_AUTOS = YES_AGGRESSIVE;
				GCC_WARN_UNUSED_FUNCTION = YES;
				GCC_WARN_UNUSED_VARIABLE = YES;
				MACOSX_DEPLOYMENT_TARGET = 10.11;
				MTL_ENABLE_DEBUG_INFO = NO;
				SDKROOT = macosx;
			};
			name = Release;
		};
		C373952C1C73B75E00FAD29B /* Debug */ = {
			isa = XCBuildConfiguration;
			buildSettings = {
				PRODUCT_NAME = "$(TARGET_NAME)";
			};
			name = Debug;
		};
		C373952D1C73B75E00FAD29B /* Release */ = {
			isa = XCBuildConfiguration;
			buildSettings = {
				PRODUCT_NAME = "$(TARGET_NAME)";
			};
			name = Release;
		};
/* End XCBuildConfiguration section */

/* Begin XCConfigurationList section */
		C373951F1C73B75E00FAD29B /* Build configuration list for PBXProject "OS PA1" */ = {
			isa = XCConfigurationList;
			buildConfigurations = (
				C37395291C73B75E00FAD29B /* Debug */,
				C373952A1C73B75E00FAD29B /* Release */,
			);
			defaultConfigurationIsVisible = 0;
			defaultConfigurationName = Release;
		};
		C373952B1C73B75E00FAD29B /* Build configuration list for PBXNativeTarget "OS PA1" */ = {
			isa = XCConfigurationList;
			buildConfigurations = (
				C373952C1C73B75E00FAD29B /* Debug */,
				C373952D1C73B75E00FAD29B /* Release */,
			);
			defaultConfigurationIsVisible = 0;
		};
/* End XCConfigurationList section */
	};
	rootObject = C373951C1C73B75E00FAD29B /* Project object */;
}
